
Microsoft Visual Studio Solution File, Format Version 12.00
# Visual Studio Version 17
VisualStudioVersion = 17.2.32526.322
MinimumVisualStudioVersion = 10.0.40219.1
Project("{FAE04EC0-301F-11D3-BF4B-00C04F79EFBC}") = "AddressBookSystemCollection", "AddressBookSystemCollection\AddressBookSystemCollection.csproj", "{89576282-99FA-4F8B-8E44-EFE084957B12}"
EndProject
Global
	GlobalSection(SolutionConfigurationPlatforms) = preSolution
		Debug|Any CPU = Debug|Any CPU
		Release|Any CPU = Release|Any CPU
	EndGlobalSection
	GlobalSection(ProjectConfigurationPlatforms) = postSolution
		{89576282-99FA-4F8B-8E44-EFE084957B12}.Debug|Any CPU.ActiveCfg = Debug|Any CPU
		{89576282-99FA-4F8B-8E44-EFE084957B12}.Debug|Any CPU.Build.0 = Debug|Any CPU
		{89576282-99FA-4F8B-8E44-EFE084957B12}.Release|Any CPU.ActiveCfg = Release|Any CPU
		{89576282-99FA-4F8B-8E44-EFE084957B12}.Release|Any CPU.Build.0 = Release|Any CPU
	EndGlobalSection
	GlobalSection(SolutionProperties) = preSolution
		HideSolutionNode = FALSE
	EndGlobalSection
	GlobalSection(ExtensibilityGlobals) = postSolution
		SolutionGuid = {5D2B330C-DA24-4891-870E-4F5ED79A1961}
	EndGlobalSection
EndGlobal
